
Microsoft Visual Studio Solution File, Format Version 12.00
# Visual Studio Version 17
VisualStudioVersion = 17.0.31903.59
MinimumVisualStudioVersion = 10.0.40219.1
Project("{FAE04EC0-301F-11D3-BF4B-00C04F79EFBC}") = "Arpl", "arpl\Arpl.csproj", "{408EC16C-5105-4866-A357-8912B62A3D0E}"
EndProject
Project("{FAE04EC0-301F-11D3-BF4B-00C04F79EFBC}") = "arpl.tests", "arpl.tests\arpl.tests.csproj", "{876C31B9-D0A8-4253-8C9E-49C094C96B60}"
EndProject
Global
	GlobalSection(SolutionConfigurationPlatforms) = preSolution
		Debug|Any CPU = Debug|Any CPU
		Release|Any CPU = Release|Any CPU
	EndGlobalSection
	GlobalSection(ProjectConfigurationPlatforms) = postSolution
		{408EC16C-5105-4866-A357-8912B62A3D0E}.Debug|Any CPU.ActiveCfg = Debug|Any CPU
		{408EC16C-5105-4866-A357-8912B62A3D0E}.Debug|Any CPU.Build.0 = Debug|Any CPU
		{408EC16C-5105-4866-A357-8912B62A3D0E}.Release|Any CPU.ActiveCfg = Release|Any CPU
		{408EC16C-5105-4866-A357-8912B62A3D0E}.Release|Any CPU.Build.0 = Release|Any CPU
		{876C31B9-D0A8-4253-8C9E-49C094C96B60}.Debug|Any CPU.ActiveCfg = Debug|Any CPU
		{876C31B9-D0A8-4253-8C9E-49C094C96B60}.Debug|Any CPU.Build.0 = Debug|Any CPU
		{876C31B9-D0A8-4253-8C9E-49C094C96B60}.Release|Any CPU.ActiveCfg = Release|Any CPU
		{876C31B9-D0A8-4253-8C9E-49C094C96B60}.Release|Any CPU.Build.0 = Release|Any CPU
	EndGlobalSection
	GlobalSection(SolutionProperties) = preSolution
		HideSolutionNode = FALSE
	EndGlobalSection
	GlobalSection(ExtensibilityGlobals) = postSolution
		SolutionGuid = {B44C0773-AF53-41D0-8369-E78E9538C46D}
	EndGlobalSection
EndGlobal
